
Microsoft Visual Studio Solution File, Format Version 12.00
# Visual Studio Version 17
VisualStudioVersion = 17.5.002.0
MinimumVisualStudioVersion = 10.0.40219.1
Project("{9A19103F-16F7-4668-BE54-9A1E7A4F7556}") = "blazorserver", "blazorserver.csproj", "{35133C2C-4639-435F-8232-F0C27704FB54}"
EndProject
Global
	GlobalSection(SolutionConfigurationPlatforms) = preSolution
		Debug|Any CPU = Debug|Any CPU
		Release|Any CPU = Release|Any CPU
	EndGlobalSection
	GlobalSection(ProjectConfigurationPlatforms) = postSolution
		{35133C2C-4639-435F-8232-F0C27704FB54}.Debug|Any CPU.ActiveCfg = Debug|Any CPU
		{35133C2C-4639-435F-8232-F0C27704FB54}.Debug|Any CPU.Build.0 = Debug|Any CPU
		{35133C2C-4639-435F-8232-F0C27704FB54}.Release|Any CPU.ActiveCfg = Release|Any CPU
		{35133C2C-4639-435F-8232-F0C27704FB54}.Release|Any CPU.Build.0 = Release|Any CPU
	EndGlobalSection
	GlobalSection(SolutionProperties) = preSolution
		HideSolutionNode = FALSE
	EndGlobalSection
	GlobalSection(ExtensibilityGlobals) = postSolution
		SolutionGuid = {C7AE4F46-FF3F-43E0-9511-A01114D433A8}
	EndGlobalSection
EndGlobal
